# This file is automatically @generated by Cargo.
# It is not intended for manual editing.
version = 4

[[package]]
name = "pass-wine-fix"
version = "0.1.0"
dependencies = [
 "winsafe",
]

[[package]]
name = "winsafe"
version = "0.0.29"
source = "registry+https://github.com/rust-lang/crates.io-index"
checksum = "9ef0ffc427f045c0cc9ebffd6f4f91153dcd2a1547b5c3c29ee3f541e16e95c6"
